
Microsoft Visual Studio Solution File, Format Version 12.00
# Visual Studio Version 17
VisualStudioVersion = 17.14.36518.9 d17.14
MinimumVisualStudioVersion = 10.0.40219.1
Project("{FAE04EC0-301F-11D3-BF4B-00C04F79EFBC}") = "DirectoryBrowser", "DirectoryBrowser.csproj", "{58FDF189-609C-4EDA-A322-2A0FBF011F17}"
EndProject
Global
	GlobalSection(SolutionConfigurationPlatforms) = preSolution
		Debug|Any CPU = Debug|Any CPU
		Release|Any CPU = Release|Any CPU
	EndGlobalSection
	GlobalSection(ProjectConfigurationPlatforms) = postSolution
		{58FDF189-609C-4EDA-A322-2A0FBF011F17}.Debug|Any CPU.ActiveCfg = Debug|Any CPU
		{58FDF189-609C-4EDA-A322-2A0FBF011F17}.Debug|Any CPU.Build.0 = Debug|Any CPU
		{58FDF189-609C-4EDA-A322-2A0FBF011F17}.Release|Any CPU.ActiveCfg = Release|Any CPU
		{58FDF189-609C-4EDA-A322-2A0FBF011F17}.Release|Any CPU.Build.0 = Release|Any CPU
	EndGlobalSection
	GlobalSection(SolutionProperties) = preSolution
		HideSolutionNode = FALSE
	EndGlobalSection
	GlobalSection(ExtensibilityGlobals) = postSolution
		SolutionGuid = {2F0CD38B-FBB9-4DC8-ACD9-413D275345CD}
	EndGlobalSection
EndGlobal
